
Microsoft Visual Studio Solution File, Format Version 12.00
# Visual Studio 15
VisualStudioVersion = 15.0.26730.15
MinimumVisualStudioVersion = 10.0.40219.1
Project("{FAE04EC0-301F-11D3-BF4B-00C04F79EFBC}") = "ScorableDemp", "ScorableDemp\ScorableDemp.csproj", "{A8872DC9-C1DA-4982-B42C-29954FCBD8B0}"
EndProject
Global
	GlobalSection(SolutionConfigurationPlatforms) = preSolution
		Debug|Any CPU = Debug|Any CPU
		Release|Any CPU = Release|Any CPU
	EndGlobalSection
	GlobalSection(ProjectConfigurationPlatforms) = postSolution
		{A8872DC9-C1DA-4982-B42C-29954FCBD8B0}.Debug|Any CPU.ActiveCfg = Debug|Any CPU
		{A8872DC9-C1DA-4982-B42C-29954FCBD8B0}.Debug|Any CPU.Build.0 = Debug|Any CPU
		{A8872DC9-C1DA-4982-B42C-29954FCBD8B0}.Release|Any CPU.ActiveCfg = Release|Any CPU
		{A8872DC9-C1DA-4982-B42C-29954FCBD8B0}.Release|Any CPU.Build.0 = Release|Any CPU
	EndGlobalSection
	GlobalSection(SolutionProperties) = preSolution
		HideSolutionNode = FALSE
	EndGlobalSection
	GlobalSection(ExtensibilityGlobals) = postSolution
		SolutionGuid = {25DB9F2D-D369-4CC8-86DD-FF94D014C89B}
	EndGlobalSection
EndGlobal
